
Microsoft Visual Studio Solution File, Format Version 12.00
Project("{FAE04EC0-301F-11D3-BF4B-00C04F79EFBC}") = "CodewrinklesDB.NodeManagement", "CodewrinklesDB.NodeManagement\CodewrinklesDB.NodeManagement.csproj", "{C9AA0D8C-BE17-407D-AC04-28A8D44969CA}"
EndProject
Project("{2150E333-8FDC-42A3-9474-1A3956D46DE8}") = "VirtualNodes", "VirtualNodes", "{59875F70-E2D9-439E-9173-614AF46EF6E9}"
EndProject
Project("{FAE04EC0-301F-11D3-BF4B-00C04F79EFBC}") = "CodewrinklesDB.NodeManagement.Infra", "CodewrinklesDB.NodeManagement.Infra\CodewrinklesDB.NodeManagement.Infra.csproj", "{E52578EA-F6DF-4444-B994-555B19FC6BA8}"
EndProject
Project("{FAE04EC0-301F-11D3-BF4B-00C04F79EFBC}") = "CodewrinklesDB.TestNodes.Node4", "CodewrinklesDB.TestNodes.Node4\CodewrinklesDB.TestNodes.Node4.csproj", "{5BCD08C8-460D-4AE4-A801-6131BBF017CA}"
EndProject
Project("{FAE04EC0-301F-11D3-BF4B-00C04F79EFBC}") = "CodewrinklesDB.TestNodes.Node1", "CodewrinklesDB.TestNodes.Node1\CodewrinklesDB.TestNodes.Node1.csproj", "{296B3475-FB9C-4F50-A7EB-665CD8778AC2}"
EndProject
Project("{FAE04EC0-301F-11D3-BF4B-00C04F79EFBC}") = "CodewrinklesDB.TestNodes.Node2", "CodewrinklesDB.TestNodes.Node2\CodewrinklesDB.TestNodes.Node2.csproj", "{5CDEB7BF-15AF-4CEB-BB01-1593C9FC26D7}"
EndProject
Project("{FAE04EC0-301F-11D3-BF4B-00C04F79EFBC}") = "CodewrinklesDB.TestNodes.Node3", "CodewrinklesDB.TestNodes.Node3\CodewrinklesDB.TestNodes.Node3.csproj", "{01A31AF3-EAC9-4D23-914B-0BAC090AF71C}"
EndProject
Global
	GlobalSection(SolutionConfigurationPlatforms) = preSolution
		Debug|Any CPU = Debug|Any CPU
		Release|Any CPU = Release|Any CPU
	EndGlobalSection
	GlobalSection(ProjectConfigurationPlatforms) = postSolution
		{C9AA0D8C-BE17-407D-AC04-28A8D44969CA}.Debug|Any CPU.ActiveCfg = Debug|Any CPU
		{C9AA0D8C-BE17-407D-AC04-28A8D44969CA}.Debug|Any CPU.Build.0 = Debug|Any CPU
		{C9AA0D8C-BE17-407D-AC04-28A8D44969CA}.Release|Any CPU.ActiveCfg = Release|Any CPU
		{C9AA0D8C-BE17-407D-AC04-28A8D44969CA}.Release|Any CPU.Build.0 = Release|Any CPU
		{E52578EA-F6DF-4444-B994-555B19FC6BA8}.Debug|Any CPU.ActiveCfg = Debug|Any CPU
		{E52578EA-F6DF-4444-B994-555B19FC6BA8}.Debug|Any CPU.Build.0 = Debug|Any CPU
		{E52578EA-F6DF-4444-B994-555B19FC6BA8}.Release|Any CPU.ActiveCfg = Release|Any CPU
		{E52578EA-F6DF-4444-B994-555B19FC6BA8}.Release|Any CPU.Build.0 = Release|Any CPU
		{5BCD08C8-460D-4AE4-A801-6131BBF017CA}.Debug|Any CPU.ActiveCfg = Debug|Any CPU
		{5BCD08C8-460D-4AE4-A801-6131BBF017CA}.Debug|Any CPU.Build.0 = Debug|Any CPU
		{5BCD08C8-460D-4AE4-A801-6131BBF017CA}.Release|Any CPU.ActiveCfg = Release|Any CPU
		{5BCD08C8-460D-4AE4-A801-6131BBF017CA}.Release|Any CPU.Build.0 = Release|Any CPU
		{296B3475-FB9C-4F50-A7EB-665CD8778AC2}.Debug|Any CPU.ActiveCfg = Debug|Any CPU
		{296B3475-FB9C-4F50-A7EB-665CD8778AC2}.Debug|Any CPU.Build.0 = Debug|Any CPU
		{296B3475-FB9C-4F50-A7EB-665CD8778AC2}.Release|Any CPU.ActiveCfg = Release|Any CPU
		{296B3475-FB9C-4F50-A7EB-665CD8778AC2}.Release|Any CPU.Build.0 = Release|Any CPU
		{5CDEB7BF-15AF-4CEB-BB01-1593C9FC26D7}.Debug|Any CPU.ActiveCfg = Debug|Any CPU
		{5CDEB7BF-15AF-4CEB-BB01-1593C9FC26D7}.Debug|Any CPU.Build.0 = Debug|Any CPU
		{5CDEB7BF-15AF-4CEB-BB01-1593C9FC26D7}.Release|Any CPU.ActiveCfg = Release|Any CPU
		{5CDEB7BF-15AF-4CEB-BB01-1593C9FC26D7}.Release|Any CPU.Build.0 = Release|Any CPU
		{01A31AF3-EAC9-4D23-914B-0BAC090AF71C}.Debug|Any CPU.ActiveCfg = Debug|Any CPU
		{01A31AF3-EAC9-4D23-914B-0BAC090AF71C}.Debug|Any CPU.Build.0 = Debug|Any CPU
		{01A31AF3-EAC9-4D23-914B-0BAC090AF71C}.Release|Any CPU.ActiveCfg = Release|Any CPU
		{01A31AF3-EAC9-4D23-914B-0BAC090AF71C}.Release|Any CPU.Build.0 = Release|Any CPU
	EndGlobalSection
	GlobalSection(NestedProjects) = preSolution
		{5BCD08C8-460D-4AE4-A801-6131BBF017CA} = {59875F70-E2D9-439E-9173-614AF46EF6E9}
		{296B3475-FB9C-4F50-A7EB-665CD8778AC2} = {59875F70-E2D9-439E-9173-614AF46EF6E9}
		{5CDEB7BF-15AF-4CEB-BB01-1593C9FC26D7} = {59875F70-E2D9-439E-9173-614AF46EF6E9}
		{01A31AF3-EAC9-4D23-914B-0BAC090AF71C} = {59875F70-E2D9-439E-9173-614AF46EF6E9}
	EndGlobalSection
EndGlobal
